
Microsoft Visual Studio Solution File, Format Version 12.00
# Visual Studio 15
VisualStudioVersion = 15.0.26730.15
MinimumVisualStudioVersion = 10.0.40219.1
Project("{FAE04EC0-301F-11D3-BF4B-00C04F79EFBC}") = "TverDownloader", "TverDownloader\TverDownloader.csproj", "{2CB0F87A-8107-435B-BF99-39D3D728658D}"
EndProject
Project("{2150E333-8FDC-42A3-9474-1A3956D46DE8}") = "Solution Items", "Solution Items", "{A7FACF2F-617A-483D-8E87-1F2A78389402}"
	ProjectSection(SolutionItems) = preProject
		README.MD = README.MD
	EndProjectSection
EndProject
Global
	GlobalSection(SolutionConfigurationPlatforms) = preSolution
		Debug|Any CPU = Debug|Any CPU
		Release|Any CPU = Release|Any CPU
	EndGlobalSection
	GlobalSection(ProjectConfigurationPlatforms) = postSolution
		{2CB0F87A-8107-435B-BF99-39D3D728658D}.Debug|Any CPU.ActiveCfg = Debug|Any CPU
		{2CB0F87A-8107-435B-BF99-39D3D728658D}.Debug|Any CPU.Build.0 = Debug|Any CPU
		{2CB0F87A-8107-435B-BF99-39D3D728658D}.Release|Any CPU.ActiveCfg = Release|Any CPU
		{2CB0F87A-8107-435B-BF99-39D3D728658D}.Release|Any CPU.Build.0 = Release|Any CPU
	EndGlobalSection
	GlobalSection(SolutionProperties) = preSolution
		HideSolutionNode = FALSE
	EndGlobalSection
	GlobalSection(ExtensibilityGlobals) = postSolution
		SolutionGuid = {D90F423B-5AE5-4BCE-A7B2-B452CEF080B5}
	EndGlobalSection
EndGlobal
